
Microsoft Visual Studio Solution File, Format Version 12.00
# Visual Studio Version 17
VisualStudioVersion = 17.0.31903.59
MinimumVisualStudioVersion = 10.0.40219.1
Project("{FAE04EC0-301F-11D3-BF4B-00C04F79EFBC}") = "KvmSwitch.Core", "KvmSwitch.Core\KvmSwitch.Core.csproj", "{4D3925FC-C02B-40EE-9BD7-69C09F67E5B3}"
EndProject
Project("{FAE04EC0-301F-11D3-BF4B-00C04F79EFBC}") = "KvmSwitch.Desktop", "KvmSwitch.Desktop\KvmSwitch.Desktop.csproj", "{C4900ADB-FEE4-47B3-B4F5-0C6940D52AEB}"
EndProject
Project("{FAE04EC0-301F-11D3-BF4B-00C04F79EFBC}") = "KvmSwitch.Infrastructure", "KvmSwitch.Infrastructure\KvmSwitch.Infrastructure.csproj", "{BBBE5E0B-5862-4CC8-BED5-407C5642AB96}"
EndProject
Global
	GlobalSection(SolutionConfigurationPlatforms) = preSolution
		Debug|Any CPU = Debug|Any CPU
		Debug|x64 = Debug|x64
		Debug|x86 = Debug|x86
		Release|Any CPU = Release|Any CPU
		Release|x64 = Release|x64
		Release|x86 = Release|x86
	EndGlobalSection
	GlobalSection(ProjectConfigurationPlatforms) = postSolution
		{4D3925FC-C02B-40EE-9BD7-69C09F67E5B3}.Debug|Any CPU.ActiveCfg = Debug|Any CPU
		{4D3925FC-C02B-40EE-9BD7-69C09F67E5B3}.Debug|Any CPU.Build.0 = Debug|Any CPU
		{4D3925FC-C02B-40EE-9BD7-69C09F67E5B3}.Debug|x64.ActiveCfg = Debug|Any CPU
		{4D3925FC-C02B-40EE-9BD7-69C09F67E5B3}.Debug|x64.Build.0 = Debug|Any CPU
		{4D3925FC-C02B-40EE-9BD7-69C09F67E5B3}.Debug|x86.ActiveCfg = Debug|Any CPU
		{4D3925FC-C02B-40EE-9BD7-69C09F67E5B3}.Debug|x86.Build.0 = Debug|Any CPU
		{4D3925FC-C02B-40EE-9BD7-69C09F67E5B3}.Release|Any CPU.ActiveCfg = Release|Any CPU
		{4D3925FC-C02B-40EE-9BD7-69C09F67E5B3}.Release|Any CPU.Build.0 = Release|Any CPU
		{4D3925FC-C02B-40EE-9BD7-69C09F67E5B3}.Release|x64.ActiveCfg = Release|Any CPU
		{4D3925FC-C02B-40EE-9BD7-69C09F67E5B3}.Release|x64.Build.0 = Release|Any CPU
		{4D3925FC-C02B-40EE-9BD7-69C09F67E5B3}.Release|x86.ActiveCfg = Release|Any CPU
		{4D3925FC-C02B-40EE-9BD7-69C09F67E5B3}.Release|x86.Build.0 = Release|Any CPU
		{C4900ADB-FEE4-47B3-B4F5-0C6940D52AEB}.Debug|Any CPU.ActiveCfg = Debug|Any CPU
		{C4900ADB-FEE4-47B3-B4F5-0C6940D52AEB}.Debug|Any CPU.Build.0 = Debug|Any CPU
		{C4900ADB-FEE4-47B3-B4F5-0C6940D52AEB}.Debug|x64.ActiveCfg = Debug|Any CPU
		{C4900ADB-FEE4-47B3-B4F5-0C6940D52AEB}.Debug|x64.Build.0 = Debug|Any CPU
		{C4900ADB-FEE4-47B3-B4F5-0C6940D52AEB}.Debug|x86.ActiveCfg = Debug|Any CPU
		{C4900ADB-FEE4-47B3-B4F5-0C6940D52AEB}.Debug|x86.Build.0 = Debug|Any CPU
		{C4900ADB-FEE4-47B3-B4F5-0C6940D52AEB}.Release|Any CPU.ActiveCfg = Release|Any CPU
		{C4900ADB-FEE4-47B3-B4F5-0C6940D52AEB}.Release|Any CPU.Build.0 = Release|Any CPU
		{C4900ADB-FEE4-47B3-B4F5-0C6940D52AEB}.Release|x64.ActiveCfg = Release|Any CPU
		{C4900ADB-FEE4-47B3-B4F5-0C6940D52AEB}.Release|x64.Build.0 = Release|Any CPU
		{C4900ADB-FEE4-47B3-B4F5-0C6940D52AEB}.Release|x86.ActiveCfg = Release|Any CPU
		{C4900ADB-FEE4-47B3-B4F5-0C6940D52AEB}.Release|x86.Build.0 = Release|Any CPU
		{BBBE5E0B-5862-4CC8-BED5-407C5642AB96}.Debug|Any CPU.ActiveCfg = Debug|Any CPU
		{BBBE5E0B-5862-4CC8-BED5-407C5642AB96}.Debug|Any CPU.Build.0 = Debug|Any CPU
		{BBBE5E0B-5862-4CC8-BED5-407C5642AB96}.Debug|x64.ActiveCfg = Debug|Any CPU
		{BBBE5E0B-5862-4CC8-BED5-407C5642AB96}.Debug|x64.Build.0 = Debug|Any CPU
		{BBBE5E0B-5862-4CC8-BED5-407C5642AB96}.Debug|x86.ActiveCfg = Debug|Any CPU
		{BBBE5E0B-5862-4CC8-BED5-407C5642AB96}.Debug|x86.Build.0 = Debug|Any CPU
		{BBBE5E0B-5862-4CC8-BED5-407C5642AB96}.Release|Any CPU.ActiveCfg = Release|Any CPU
		{BBBE5E0B-5862-4CC8-BED5-407C5642AB96}.Release|Any CPU.Build.0 = Release|Any CPU
		{BBBE5E0B-5862-4CC8-BED5-407C5642AB96}.Release|x64.ActiveCfg = Release|Any CPU
		{BBBE5E0B-5862-4CC8-BED5-407C5642AB96}.Release|x64.Build.0 = Release|Any CPU
		{BBBE5E0B-5862-4CC8-BED5-407C5642AB96}.Release|x86.ActiveCfg = Release|Any CPU
		{BBBE5E0B-5862-4CC8-BED5-407C5642AB96}.Release|x86.Build.0 = Release|Any CPU
	EndGlobalSection
	GlobalSection(SolutionProperties) = preSolution
		HideSolutionNode = FALSE
	EndGlobalSection
EndGlobal
